
Microsoft Visual Studio Solution File, Format Version 12.00
# Visual Studio Version 17
VisualStudioVersion = 17.5.002.0
MinimumVisualStudioVersion = 10.0.40219.1
Project("{9A19103F-16F7-4668-BE54-9A1E7A4F7556}") = "api", "api.csproj", "{606A3559-C21F-46B0-9083-1C39DE55C2FE}"
EndProject
Global
	GlobalSection(SolutionConfigurationPlatforms) = preSolution
		Debug|Any CPU = Debug|Any CPU
		Release|Any CPU = Release|Any CPU
	EndGlobalSection
	GlobalSection(ProjectConfigurationPlatforms) = postSolution
		{606A3559-C21F-46B0-9083-1C39DE55C2FE}.Debug|Any CPU.ActiveCfg = Debug|Any CPU
		{606A3559-C21F-46B0-9083-1C39DE55C2FE}.Debug|Any CPU.Build.0 = Debug|Any CPU
		{606A3559-C21F-46B0-9083-1C39DE55C2FE}.Release|Any CPU.ActiveCfg = Release|Any CPU
		{606A3559-C21F-46B0-9083-1C39DE55C2FE}.Release|Any CPU.Build.0 = Release|Any CPU
	EndGlobalSection
	GlobalSection(SolutionProperties) = preSolution
		HideSolutionNode = FALSE
	EndGlobalSection
	GlobalSection(ExtensibilityGlobals) = postSolution
		SolutionGuid = {38FAE791-246C-41E9-98AC-FC123A9D2279}
	EndGlobalSection
EndGlobal
